
Microsoft Visual Studio Solution File, Format Version 12.00
# Visual Studio 15
VisualStudioVersion = 15.0.27130.2003
MinimumVisualStudioVersion = 10.0.40219.1
Project("{FAE04EC0-301F-11D3-BF4B-00C04F79EFBC}") = "ExcelAddIn", "ExcelAddInEquipmentDatabase\ExcelAddIn.csproj", "{407E3A76-7130-4154-9EBD-9D48F523EE0F}"
EndProject
Project("{FAE04EC0-301F-11D3-BF4B-00C04F79EFBC}") = "EQUICommunictionLib", "EQUICommunictionLib\EQUICommunictionLib.csproj", "{090979A1-2C7B-4C89-A921-F36A936412F2}"
EndProject
Project("{FAE04EC0-301F-11D3-BF4B-00C04F79EFBC}") = "EqUiWebUi", "EqUiWebUi\EqUiWebUi.csproj", "{CD7E0AC6-67F9-4187-AF37-2BC49C000A60}"
EndProject
Project("{FAE04EC0-301F-11D3-BF4B-00C04F79EFBC}") = "EqUiDigibordLauncher", "EqUiDigibordLauncher\EqUiDigibordLauncher.csproj", "{32044ADB-9261-4848-8BF1-458C93022957}"
EndProject
Project("{00D1A9C2-B5F0-4AF3-8072-F6C62B433612}") = "Database", "Database\Database.sqlproj", "{F5CC87B7-ADCF-46A0-828A-2C145F6F3F03}"
EndProject
Global
	GlobalSection(SolutionConfigurationPlatforms) = preSolution
		Debug|Any CPU = Debug|Any CPU
		DEV_VCCH|Any CPU = DEV_VCCH|Any CPU
		DEV_VCG|Any CPU = DEV_VCG|Any CPU
		Rel_VCCH|Any CPU = Rel_VCCH|Any CPU
		Rel_VCG|Any CPU = Rel_VCG|Any CPU
		Rel_VCT|Any CPU = Rel_VCT|Any CPU
		Release|Any CPU = Release|Any CPU
	EndGlobalSection
	GlobalSection(ProjectConfigurationPlatforms) = postSolution
		{407E3A76-7130-4154-9EBD-9D48F523EE0F}.Debug|Any CPU.ActiveCfg = Debug|Any CPU
		{407E3A76-7130-4154-9EBD-9D48F523EE0F}.DEV_VCCH|Any CPU.ActiveCfg = DEV_VCCH|Any CPU
		{407E3A76-7130-4154-9EBD-9D48F523EE0F}.DEV_VCCH|Any CPU.Build.0 = DEV_VCCH|Any CPU
		{407E3A76-7130-4154-9EBD-9D48F523EE0F}.DEV_VCG|Any CPU.ActiveCfg = DEV_VCG|Any CPU
		{407E3A76-7130-4154-9EBD-9D48F523EE0F}.DEV_VCG|Any CPU.Build.0 = DEV_VCG|Any CPU
		{407E3A76-7130-4154-9EBD-9D48F523EE0F}.Rel_VCCH|Any CPU.ActiveCfg = Rel_VCH|Any CPU
		{407E3A76-7130-4154-9EBD-9D48F523EE0F}.Rel_VCCH|Any CPU.Build.0 = Rel_VCH|Any CPU
		{407E3A76-7130-4154-9EBD-9D48F523EE0F}.Rel_VCG|Any CPU.ActiveCfg = Rel_VCG|Any CPU
		{407E3A76-7130-4154-9EBD-9D48F523EE0F}.Rel_VCG|Any CPU.Build.0 = Rel_VCG|Any CPU
		{407E3A76-7130-4154-9EBD-9D48F523EE0F}.Rel_VCT|Any CPU.ActiveCfg = Rel_VCT|Any CPU
		{407E3A76-7130-4154-9EBD-9D48F523EE0F}.Rel_VCT|Any CPU.Build.0 = Rel_VCT|Any CPU
		{407E3A76-7130-4154-9EBD-9D48F523EE0F}.Release|Any CPU.ActiveCfg = Release|Any CPU
		{407E3A76-7130-4154-9EBD-9D48F523EE0F}.Release|Any CPU.Build.0 = Release|Any CPU
		{090979A1-2C7B-4C89-A921-F36A936412F2}.Debug|Any CPU.ActiveCfg = Debug|Any CPU
		{090979A1-2C7B-4C89-A921-F36A936412F2}.DEV_VCCH|Any CPU.ActiveCfg = DEV_VCCH|Any CPU
		{090979A1-2C7B-4C89-A921-F36A936412F2}.DEV_VCCH|Any CPU.Build.0 = DEV_VCCH|Any CPU
		{090979A1-2C7B-4C89-A921-F36A936412F2}.DEV_VCG|Any CPU.ActiveCfg = DEV_GA|Any CPU
		{090979A1-2C7B-4C89-A921-F36A936412F2}.DEV_VCG|Any CPU.Build.0 = DEV_GA|Any CPU
		{090979A1-2C7B-4C89-A921-F36A936412F2}.Rel_VCCH|Any CPU.ActiveCfg = Rel_VCH|Any CPU
		{090979A1-2C7B-4C89-A921-F36A936412F2}.Rel_VCCH|Any CPU.Build.0 = Rel_VCH|Any CPU
		{090979A1-2C7B-4C89-A921-F36A936412F2}.Rel_VCG|Any CPU.ActiveCfg = Rel_GA|Any CPU
		{090979A1-2C7B-4C89-A921-F36A936412F2}.Rel_VCG|Any CPU.Build.0 = Rel_GA|Any CPU
		{090979A1-2C7B-4C89-A921-F36A936412F2}.Rel_VCT|Any CPU.ActiveCfg = Rel_TA|Any CPU
		{090979A1-2C7B-4C89-A921-F36A936412F2}.Rel_VCT|Any CPU.Build.0 = Rel_TA|Any CPU
		{090979A1-2C7B-4C89-A921-F36A936412F2}.Release|Any CPU.ActiveCfg = Release|Any CPU
		{090979A1-2C7B-4C89-A921-F36A936412F2}.Release|Any CPU.Build.0 = Release|Any CPU
		{CD7E0AC6-67F9-4187-AF37-2BC49C000A60}.Debug|Any CPU.ActiveCfg = Debug|Any CPU
		{CD7E0AC6-67F9-4187-AF37-2BC49C000A60}.Debug|Any CPU.Build.0 = Debug|Any CPU
		{CD7E0AC6-67F9-4187-AF37-2BC49C000A60}.DEV_VCCH|Any CPU.ActiveCfg = DEV_VCCH|Any CPU
		{CD7E0AC6-67F9-4187-AF37-2BC49C000A60}.DEV_VCCH|Any CPU.Build.0 = DEV_VCCH|Any CPU
		{CD7E0AC6-67F9-4187-AF37-2BC49C000A60}.DEV_VCG|Any CPU.ActiveCfg = DEV_VCG|Any CPU
		{CD7E0AC6-67F9-4187-AF37-2BC49C000A60}.DEV_VCG|Any CPU.Build.0 = DEV_VCG|Any CPU
		{CD7E0AC6-67F9-4187-AF37-2BC49C000A60}.Rel_VCCH|Any CPU.ActiveCfg = Rel_VCCH|Any CPU
		{CD7E0AC6-67F9-4187-AF37-2BC49C000A60}.Rel_VCCH|Any CPU.Build.0 = Rel_VCCH|Any CPU
		{CD7E0AC6-67F9-4187-AF37-2BC49C000A60}.Rel_VCG|Any CPU.ActiveCfg = Rel_VCG|Any CPU
		{CD7E0AC6-67F9-4187-AF37-2BC49C000A60}.Rel_VCG|Any CPU.Build.0 = Rel_VCG|Any CPU
		{CD7E0AC6-67F9-4187-AF37-2BC49C000A60}.Rel_VCT|Any CPU.ActiveCfg = Rel_VCT|Any CPU
		{CD7E0AC6-67F9-4187-AF37-2BC49C000A60}.Rel_VCT|Any CPU.Build.0 = Rel_VCT|Any CPU
		{CD7E0AC6-67F9-4187-AF37-2BC49C000A60}.Release|Any CPU.ActiveCfg = Rel_VCCH|Any CPU
		{CD7E0AC6-67F9-4187-AF37-2BC49C000A60}.Release|Any CPU.Build.0 = Rel_VCCH|Any CPU
		{32044ADB-9261-4848-8BF1-458C93022957}.Debug|Any CPU.ActiveCfg = Debug|Any CPU
		{32044ADB-9261-4848-8BF1-458C93022957}.DEV_VCCH|Any CPU.ActiveCfg = DEV_VCCH|Any CPU
		{32044ADB-9261-4848-8BF1-458C93022957}.DEV_VCCH|Any CPU.Build.0 = DEV_VCCH|Any CPU
		{32044ADB-9261-4848-8BF1-458C93022957}.DEV_VCG|Any CPU.ActiveCfg = DEV_GA|Any CPU
		{32044ADB-9261-4848-8BF1-458C93022957}.DEV_VCG|Any CPU.Build.0 = DEV_GA|Any CPU
		{32044ADB-9261-4848-8BF1-458C93022957}.Rel_VCCH|Any CPU.ActiveCfg = Rel_VCH|Any CPU
		{32044ADB-9261-4848-8BF1-458C93022957}.Rel_VCCH|Any CPU.Build.0 = Rel_VCH|Any CPU
		{32044ADB-9261-4848-8BF1-458C93022957}.Rel_VCG|Any CPU.ActiveCfg = Rel_GA|Any CPU
		{32044ADB-9261-4848-8BF1-458C93022957}.Rel_VCG|Any CPU.Build.0 = Rel_GA|Any CPU
		{32044ADB-9261-4848-8BF1-458C93022957}.Rel_VCT|Any CPU.ActiveCfg = Rel_TA|Any CPU
		{32044ADB-9261-4848-8BF1-458C93022957}.Rel_VCT|Any CPU.Build.0 = Rel_TA|Any CPU
		{32044ADB-9261-4848-8BF1-458C93022957}.Release|Any CPU.ActiveCfg = Release|Any CPU
		{32044ADB-9261-4848-8BF1-458C93022957}.Release|Any CPU.Build.0 = Release|Any CPU
		{F5CC87B7-ADCF-46A0-828A-2C145F6F3F03}.Debug|Any CPU.ActiveCfg = Debug|Any CPU
		{F5CC87B7-ADCF-46A0-828A-2C145F6F3F03}.Debug|Any CPU.Deploy.0 = Debug|Any CPU
		{F5CC87B7-ADCF-46A0-828A-2C145F6F3F03}.DEV_VCCH|Any CPU.ActiveCfg = DEV_GA|Any CPU
		{F5CC87B7-ADCF-46A0-828A-2C145F6F3F03}.DEV_VCG|Any CPU.ActiveCfg = DEV_GA|Any CPU
		{F5CC87B7-ADCF-46A0-828A-2C145F6F3F03}.DEV_VCG|Any CPU.Build.0 = DEV_GA|Any CPU
		{F5CC87B7-ADCF-46A0-828A-2C145F6F3F03}.DEV_VCG|Any CPU.Deploy.0 = DEV_GA|Any CPU
		{F5CC87B7-ADCF-46A0-828A-2C145F6F3F03}.Rel_VCCH|Any CPU.ActiveCfg = Release|Any CPU
		{F5CC87B7-ADCF-46A0-828A-2C145F6F3F03}.Rel_VCG|Any CPU.ActiveCfg = Release|Any CPU
		{F5CC87B7-ADCF-46A0-828A-2C145F6F3F03}.Rel_VCG|Any CPU.Build.0 = Release|Any CPU
		{F5CC87B7-ADCF-46A0-828A-2C145F6F3F03}.Rel_VCG|Any CPU.Deploy.0 = Release|Any CPU
		{F5CC87B7-ADCF-46A0-828A-2C145F6F3F03}.Rel_VCT|Any CPU.ActiveCfg = Release|Any CPU
		{F5CC87B7-ADCF-46A0-828A-2C145F6F3F03}.Rel_VCT|Any CPU.Build.0 = Release|Any CPU
		{F5CC87B7-ADCF-46A0-828A-2C145F6F3F03}.Rel_VCT|Any CPU.Deploy.0 = Release|Any CPU
		{F5CC87B7-ADCF-46A0-828A-2C145F6F3F03}.Release|Any CPU.ActiveCfg = Release|Any CPU
		{F5CC87B7-ADCF-46A0-828A-2C145F6F3F03}.Release|Any CPU.Build.0 = Release|Any CPU
		{F5CC87B7-ADCF-46A0-828A-2C145F6F3F03}.Release|Any CPU.Deploy.0 = Release|Any CPU
	EndGlobalSection
	GlobalSection(SolutionProperties) = preSolution
		HideSolutionNode = FALSE
	EndGlobalSection
	GlobalSection(ExtensibilityGlobals) = postSolution
		SolutionGuid = {0F430639-A7F1-44A0-8C37-5088F83C4EA1}
	EndGlobalSection
EndGlobal
