
Microsoft Visual Studio Solution File, Format Version 12.00
# Visual Studio 15
VisualStudioVersion = 15.0.27130.2003
MinimumVisualStudioVersion = 10.0.40219.1
Project("{FAE04EC0-301F-11D3-BF4B-00C04F79EFBC}") = "ExcelAddInEquipmentDatabase", "ExcelAddInEquipmentDatabase\ExcelAddInEquipmentDatabase.csproj", "{407E3A76-7130-4154-9EBD-9D48F523EE0F}"
EndProject
Project("{FAE04EC0-301F-11D3-BF4B-00C04F79EFBC}") = "EQUICommunictionLib", "EQUICommunictionLib\EQUICommunictionLib.csproj", "{090979A1-2C7B-4C89-A921-F36A936412F2}"
EndProject
Project("{FAE04EC0-301F-11D3-BF4B-00C04F79EFBC}") = "EqUi_UtilManager", "EqUi_UtilManger\EqUi_UtilManager.csproj", "{9B30267D-8A8C-4869-AC9B-1E07EC81C373}"
EndProject
Project("{FAE04EC0-301F-11D3-BF4B-00C04F79EFBC}") = "EQUIToolsLib", "EQUIToolsLib\EQUIToolsLib.csproj", "{EBADED60-44DC-49F0-A1C5-A283BAA1C392}"
EndProject
Project("{FAE04EC0-301F-11D3-BF4B-00C04F79EFBC}") = "WPFChart", "WPFChart\WPFChart.csproj", "{4594058D-A96A-4B11-93B5-707215E40231}"
EndProject
Project("{FAE04EC0-301F-11D3-BF4B-00C04F79EFBC}") = "ABBCommTest", "ABBCommTest\ABBCommTest.csproj", "{8829D91C-B9D6-4ED0-B792-0A8E69E8F9CD}"
EndProject
Project("{FAE04EC0-301F-11D3-BF4B-00C04F79EFBC}") = "EqUiWebUi", "EqUiWebUi\EqUiWebUi.csproj", "{CD7E0AC6-67F9-4187-AF37-2BC49C000A60}"
EndProject
Project("{FAE04EC0-301F-11D3-BF4B-00C04F79EFBC}") = "WebNavigator_Gadget_Watcher", "WebNavigator_Gadget_Watcher\WebNavigator_Gadget_Watcher.csproj", "{9E315D76-6909-4E81-8C3E-AB1E71F16B79}"
EndProject
Project("{FAE04EC0-301F-11D3-BF4B-00C04F79EFBC}") = "EqUiDigibordLauncher", "EqUiDigibordLauncher\EqUiDigibordLauncher.csproj", "{32044ADB-9261-4848-8BF1-458C93022957}"
EndProject
Global
	GlobalSection(SolutionConfigurationPlatforms) = preSolution
		Debug|Any CPU = Debug|Any CPU
		Release|Any CPU = Release|Any CPU
	EndGlobalSection
	GlobalSection(ProjectConfigurationPlatforms) = postSolution
		{407E3A76-7130-4154-9EBD-9D48F523EE0F}.Debug|Any CPU.ActiveCfg = Debug|Any CPU
		{407E3A76-7130-4154-9EBD-9D48F523EE0F}.Debug|Any CPU.Build.0 = Debug|Any CPU
		{407E3A76-7130-4154-9EBD-9D48F523EE0F}.Release|Any CPU.ActiveCfg = Release|Any CPU
		{407E3A76-7130-4154-9EBD-9D48F523EE0F}.Release|Any CPU.Build.0 = Release|Any CPU
		{090979A1-2C7B-4C89-A921-F36A936412F2}.Debug|Any CPU.ActiveCfg = Debug|Any CPU
		{090979A1-2C7B-4C89-A921-F36A936412F2}.Debug|Any CPU.Build.0 = Debug|Any CPU
		{090979A1-2C7B-4C89-A921-F36A936412F2}.Release|Any CPU.ActiveCfg = Release|Any CPU
		{090979A1-2C7B-4C89-A921-F36A936412F2}.Release|Any CPU.Build.0 = Release|Any CPU
		{9B30267D-8A8C-4869-AC9B-1E07EC81C373}.Debug|Any CPU.ActiveCfg = Debug|Any CPU
		{9B30267D-8A8C-4869-AC9B-1E07EC81C373}.Debug|Any CPU.Build.0 = Debug|Any CPU
		{9B30267D-8A8C-4869-AC9B-1E07EC81C373}.Release|Any CPU.ActiveCfg = Release|Any CPU
		{9B30267D-8A8C-4869-AC9B-1E07EC81C373}.Release|Any CPU.Build.0 = Release|Any CPU
		{EBADED60-44DC-49F0-A1C5-A283BAA1C392}.Debug|Any CPU.ActiveCfg = Debug|Any CPU
		{EBADED60-44DC-49F0-A1C5-A283BAA1C392}.Debug|Any CPU.Build.0 = Debug|Any CPU
		{EBADED60-44DC-49F0-A1C5-A283BAA1C392}.Release|Any CPU.ActiveCfg = Release|Any CPU
		{EBADED60-44DC-49F0-A1C5-A283BAA1C392}.Release|Any CPU.Build.0 = Release|Any CPU
		{4594058D-A96A-4B11-93B5-707215E40231}.Debug|Any CPU.ActiveCfg = Debug|Any CPU
		{4594058D-A96A-4B11-93B5-707215E40231}.Debug|Any CPU.Build.0 = Debug|Any CPU
		{4594058D-A96A-4B11-93B5-707215E40231}.Release|Any CPU.ActiveCfg = Release|Any CPU
		{4594058D-A96A-4B11-93B5-707215E40231}.Release|Any CPU.Build.0 = Release|Any CPU
		{8829D91C-B9D6-4ED0-B792-0A8E69E8F9CD}.Debug|Any CPU.ActiveCfg = Debug|Any CPU
		{8829D91C-B9D6-4ED0-B792-0A8E69E8F9CD}.Debug|Any CPU.Build.0 = Debug|Any CPU
		{8829D91C-B9D6-4ED0-B792-0A8E69E8F9CD}.Release|Any CPU.ActiveCfg = Release|Any CPU
		{8829D91C-B9D6-4ED0-B792-0A8E69E8F9CD}.Release|Any CPU.Build.0 = Release|Any CPU
		{CD7E0AC6-67F9-4187-AF37-2BC49C000A60}.Debug|Any CPU.ActiveCfg = Debug|Any CPU
		{CD7E0AC6-67F9-4187-AF37-2BC49C000A60}.Debug|Any CPU.Build.0 = Debug|Any CPU
		{CD7E0AC6-67F9-4187-AF37-2BC49C000A60}.Release|Any CPU.ActiveCfg = Release|Any CPU
		{CD7E0AC6-67F9-4187-AF37-2BC49C000A60}.Release|Any CPU.Build.0 = Release|Any CPU
		{9E315D76-6909-4E81-8C3E-AB1E71F16B79}.Debug|Any CPU.ActiveCfg = Debug|Any CPU
		{9E315D76-6909-4E81-8C3E-AB1E71F16B79}.Debug|Any CPU.Build.0 = Debug|Any CPU
		{9E315D76-6909-4E81-8C3E-AB1E71F16B79}.Release|Any CPU.ActiveCfg = Release|Any CPU
		{9E315D76-6909-4E81-8C3E-AB1E71F16B79}.Release|Any CPU.Build.0 = Release|Any CPU
		{32044ADB-9261-4848-8BF1-458C93022957}.Debug|Any CPU.ActiveCfg = Debug|Any CPU
		{32044ADB-9261-4848-8BF1-458C93022957}.Debug|Any CPU.Build.0 = Debug|Any CPU
		{32044ADB-9261-4848-8BF1-458C93022957}.Release|Any CPU.ActiveCfg = Release|Any CPU
		{32044ADB-9261-4848-8BF1-458C93022957}.Release|Any CPU.Build.0 = Release|Any CPU
	EndGlobalSection
	GlobalSection(SolutionProperties) = preSolution
		HideSolutionNode = FALSE
	EndGlobalSection
	GlobalSection(ExtensibilityGlobals) = postSolution
		SolutionGuid = {0F430639-A7F1-44A0-8C37-5088F83C4EA1}
	EndGlobalSection
EndGlobal
