{
  "name": "myproject",
  "version": "1.0.0",
  "lockfileVersion": 1,
  "requires": true,
  "dependencies": {
    "bootstrap-select": {
      "version": "1.13.5",
      "resolved": "https://registry.npmjs.org/bootstrap-select/-/bootstrap-select-1.13.5.tgz",
      "integrity": "sha512-1uYsYLB4FvGdwM6qzIfTxp6sP5gDqjPgWNHJztBfYUTIo1GUYG5zzmMVWiJvdxJlsvBXZ9AObmeZdzi0eg2jaA==",
      "dev": true
    },
    "codemirror": {
      "version": "5.34.0",
      "resolved": "https://registry.npmjs.org/codemirror/-/codemirror-5.34.0.tgz",
      "integrity": "sha1-40XcwJphSdtlzHDf+dOJwcSwzQY=",
      "dev": true
    },
    "daterangepicker": {
      "version": "3.0.3",
      "resolved": "https://registry.npmjs.org/daterangepicker/-/daterangepicker-3.0.3.tgz",
      "integrity": "sha512-h1yB44g0IV3oQtdV+oxCst6wn9MHECDDUTOhSQepj0Ouo6FH44T/vrbx9G3pTn5IuK+ZyHQws0FG7BvRZDRWoQ==",
      "dev": true,
      "requires": {
        "jquery": ">=1.10",
        "moment": "^2.9.0"
      }
    },
    "es6-promise": {
      "version": "3.3.1",
      "resolved": "https://registry.npmjs.org/es6-promise/-/es6-promise-3.3.1.tgz",
      "integrity": "sha1-oIzd6EzNvzTQJ6FFG8kdS80ophM=",
      "dev": true
    },
    "http-post-message": {
      "version": "0.2.3",
      "resolved": "https://registry.npmjs.org/http-post-message/-/http-post-message-0.2.3.tgz",
      "integrity": "sha1-MsVgrGFfMQp+RZ/8cSd7V5skLh4=",
      "dev": true,
      "requires": {
        "es6-promise": "^3.2.1"
      }
    },
    "javascript-natural-sort": {
      "version": "0.7.1",
      "resolved": "https://registry.npmjs.org/javascript-natural-sort/-/javascript-natural-sort-0.7.1.tgz",
      "integrity": "sha1-+eIwPUUH9tdDVac2ZNFED7Wg71k=",
      "dev": true,
      "optional": true
    },
    "jquery": {
      "version": "3.3.1",
      "resolved": "https://registry.npmjs.org/jquery/-/jquery-3.3.1.tgz",
      "integrity": "sha512-Ubldcmxp5np52/ENotGxlLe6aGMvmF4R8S6tZjsP6Knsaxd/xp3Zrh50cG93lR6nPXyUFwzN3ZSOQI0wRJNdGg==",
      "dev": true
    },
    "jquery-jeditable": {
      "version": "2.0.6",
      "resolved": "https://registry.npmjs.org/jquery-jeditable/-/jquery-jeditable-2.0.6.tgz",
      "integrity": "sha512-wQ0PxcOV+JCsGvkIAnnpC1L0Gym22wRRxTZ0h6qqbSLrv0hLGrNtJKv8F9NkIOVFy+G5GkizOsntGfk5QPn37w==",
      "dev": true,
      "requires": {
        "jquery": "^3.3.1"
      }
    },
    "moment": {
      "version": "2.23.0",
      "resolved": "https://registry.npmjs.org/moment/-/moment-2.23.0.tgz",
      "integrity": "sha512-3IE39bHVqFbWWaPOMHZF98Q9c3LDKGTmypMiTM2QygGXXElkFWIH7GxfmlwmY2vwa+wmNsoYZmG2iusf1ZjJoA==",
      "dev": true
    },
    "powerbi-client": {
      "version": "2.6.7",
      "resolved": "https://registry.npmjs.org/powerbi-client/-/powerbi-client-2.6.7.tgz",
      "integrity": "sha512-szQkptQGqdgUbOicbrYnJ3WYMMZk6Uj2rfNuv3uvi2EIAjqD8FOjr+2211tF8a+crczzSiQzqm1r97a2adAEGQ==",
      "dev": true,
      "requires": {
        "http-post-message": "^0.2",
        "powerbi-models": "^1.1.0",
        "powerbi-router": "^0.1",
        "window-post-message-proxy": "^0.2"
      }
    },
    "powerbi-models": {
      "version": "1.1.0",
      "resolved": "https://registry.npmjs.org/powerbi-models/-/powerbi-models-1.1.0.tgz",
      "integrity": "sha512-vu/ZUl+XkE8lvd4Isonp9IEQCeMFOQ1UVcjI52aSaqsNe4x9n+RKVIWiOchnpld0/pSGel4SsxGQotXWGhehlg==",
      "dev": true
    },
    "powerbi-router": {
      "version": "0.1.5",
      "resolved": "https://registry.npmjs.org/powerbi-router/-/powerbi-router-0.1.5.tgz",
      "integrity": "sha1-3S0tBHT4y3ZpCoX2pR2Mqf6pOjI=",
      "dev": true,
      "requires": {
        "es6-promise": "^3.2.1",
        "route-recognizer": "^0.1.11"
      }
    },
    "print-this": {
      "version": "1.14.1",
      "resolved": "https://registry.npmjs.org/print-this/-/print-this-1.14.1.tgz",
      "integrity": "sha512-9x62Kw7o43+cqluWkxVgkOCuVjHHwjwG7Ig98tBhLPExXczsL/Gal2f/EA9cF5M2Tzn1D2ki75y6dF536mIX8g==",
      "dev": true,
      "requires": {
        "jquery": ">=1.11"
      }
    },
    "route-recognizer": {
      "version": "0.1.11",
      "resolved": "https://registry.npmjs.org/route-recognizer/-/route-recognizer-0.1.11.tgz",
      "integrity": "sha1-gQ2OVwKrtAVtbcuOhlxWhefBTrc=",
      "dev": true
    },
    "shoestring": {
      "version": "2.0.1",
      "resolved": "https://registry.npmjs.org/shoestring/-/shoestring-2.0.1.tgz",
      "integrity": "sha512-F2jX6NN5OtZLzmt2Pnsfr4YZf7+H+3oZMTgRubtcS9Q+RuH0jZZASNsHkbrosX3GlHHfCF6QJgih+pxEY/pXhQ==",
      "dev": true
    },
    "tablesaw": {
      "version": "3.1.0",
      "resolved": "https://registry.npmjs.org/tablesaw/-/tablesaw-3.1.0.tgz",
      "integrity": "sha512-l6lBMlPxbH6DQZYlpM2GKOsihXZebvTjemPQSC6+WS1hWnvGscLbGAPGUM9CeQgJHEuI+cOrgSegAodf0N5Wkg==",
      "dev": true,
      "requires": {
        "javascript-natural-sort": "^0.7.1",
        "shoestring": "^2.0.0"
      }
    },
    "window-post-message-proxy": {
      "version": "0.2.5",
      "resolved": "https://registry.npmjs.org/window-post-message-proxy/-/window-post-message-proxy-0.2.5.tgz",
      "integrity": "sha1-Y6aCXREwCu3BrmM7J+8FJODKRfk=",
      "dev": true,
      "requires": {
        "es6-promise": "^3.1.2"
      }
    }
  }
}
