{
  "name": "myproject",
  "version": "1.0.0",
  "lockfileVersion": 1,
  "requires": true,
  "dependencies": {
    "bootstrap-select": {
      "version": "1.13.5",
      "resolved": "https://registry.npmjs.org/bootstrap-select/-/bootstrap-select-1.13.5.tgz",
      "integrity": "sha512-1uYsYLB4FvGdwM6qzIfTxp6sP5gDqjPgWNHJztBfYUTIo1GUYG5zzmMVWiJvdxJlsvBXZ9AObmeZdzi0eg2jaA==",
      "dev": true
    },
    "codemirror": {
      "version": "5.34.0",
      "resolved": "https://registry.npmjs.org/codemirror/-/codemirror-5.34.0.tgz",
      "integrity": "sha1-40XcwJphSdtlzHDf+dOJwcSwzQY=",
      "dev": true
    },
    "daterangepicker": {
      "version": "3.0.3",
      "resolved": "https://registry.npmjs.org/daterangepicker/-/daterangepicker-3.0.3.tgz",
      "integrity": "sha512-h1yB44g0IV3oQtdV+oxCst6wn9MHECDDUTOhSQepj0Ouo6FH44T/vrbx9G3pTn5IuK+ZyHQws0FG7BvRZDRWoQ==",
      "dev": true,
      "requires": {
        "jquery": ">=1.10",
        "moment": "^2.9.0"
      }
    },
    "jquery": {
      "version": "3.3.1",
      "resolved": "https://registry.npmjs.org/jquery/-/jquery-3.3.1.tgz",
      "integrity": "sha512-Ubldcmxp5np52/ENotGxlLe6aGMvmF4R8S6tZjsP6Knsaxd/xp3Zrh50cG93lR6nPXyUFwzN3ZSOQI0wRJNdGg==",
      "dev": true
    },
    "jquery-jeditable": {
      "version": "2.0.6",
      "resolved": "https://registry.npmjs.org/jquery-jeditable/-/jquery-jeditable-2.0.6.tgz",
      "integrity": "sha512-wQ0PxcOV+JCsGvkIAnnpC1L0Gym22wRRxTZ0h6qqbSLrv0hLGrNtJKv8F9NkIOVFy+G5GkizOsntGfk5QPn37w==",
      "dev": true,
      "requires": {
        "jquery": "^3.3.1"
      }
    },
    "moment": {
      "version": "2.23.0",
      "resolved": "https://registry.npmjs.org/moment/-/moment-2.23.0.tgz",
      "integrity": "sha512-3IE39bHVqFbWWaPOMHZF98Q9c3LDKGTmypMiTM2QygGXXElkFWIH7GxfmlwmY2vwa+wmNsoYZmG2iusf1ZjJoA==",
      "dev": true
    }
  }
}
